
Microsoft Visual Studio Solution File, Format Version 12.00
# Visual Studio Version 17
VisualStudioVersion = 17.8.34330.188
MinimumVisualStudioVersion = 10.0.40219.1
Project("{FAE04EC0-301F-11D3-BF4B-00C04F79EFBC}") = "CRUDAppUsingAspCoreWebAPI", "CRUDAppUsingAspCoreWebAPI\CRUDAppUsingAspCoreWebAPI.csproj", "{DC07768C-6F4C-4340-BC6E-D0C07C437E6E}"
EndProject
Global
	GlobalSection(SolutionConfigurationPlatforms) = preSolution
		Debug|Any CPU = Debug|Any CPU
		Release|Any CPU = Release|Any CPU
	EndGlobalSection
	GlobalSection(ProjectConfigurationPlatforms) = postSolution
		{DC07768C-6F4C-4340-BC6E-D0C07C437E6E}.Debug|Any CPU.ActiveCfg = Debug|Any CPU
		{DC07768C-6F4C-4340-BC6E-D0C07C437E6E}.Debug|Any CPU.Build.0 = Debug|Any CPU
		{DC07768C-6F4C-4340-BC6E-D0C07C437E6E}.Release|Any CPU.ActiveCfg = Release|Any CPU
		{DC07768C-6F4C-4340-BC6E-D0C07C437E6E}.Release|Any CPU.Build.0 = Release|Any CPU
	EndGlobalSection
	GlobalSection(SolutionProperties) = preSolution
		HideSolutionNode = FALSE
	EndGlobalSection
	GlobalSection(ExtensibilityGlobals) = postSolution
		SolutionGuid = {D9E5F6A6-3BEB-4FE3-9146-8EB1FC6D3320}
	EndGlobalSection
EndGlobal
